// !$*UTF8*$!
{
	archiveVersion = 1;
	classes = {
	};
	objectVersion = 46;
	objects = {

/* Begin PBXBuildFile section */
		D9FF547B1C5823E500625A51 /* AppDelegate.swift in Sources */ = {isa = PBXBuildFile; fileRef = D9FF547A1C5823E500625A51 /* AppDelegate.swift */; };
		D9FF547D1C5823E500625A51 /* ViewController.swift in Sources */ = {isa = PBXBuildFile; fileRef = D9FF547C1C5823E500625A51 /* ViewController.swift */; };
		D9FF54801C5823E500625A51 /* Main.storyboard in Resources */ = {isa = PBXBuildFile; fileRef = D9FF547E1C5823E500625A51 /* Main.storyboard */; };
		D9FF54831C5823E500625A51 /* CoreDataDemo.xcdatamodeld in Sources */ = {isa = PBXBuildFile; fileRef = D9FF54811C5823E500625A51 /* CoreDataDemo.xcdatamodeld */; };
		D9FF54851C5823E500625A51 /* Assets.xcassets in Resources */ = {isa = PBXBuildFile; fileRef = D9FF54841C5823E500625A51 /* Assets.xcassets */; };
		D9FF54881C5823E500625A51 /* LaunchScreen.storyboard in Resources */ = {isa = PBXBuildFile; fileRef = D9FF54861C5823E500625A51 /* LaunchScreen.storyboard */; };
/* End PBXBuildFile section */

/* Begin PBXFileReference section */
		D9FF54771C5823E500625A51 /* CoreDataDemo.app */ = {isa = PBXFileReference; explicitFileType = wrapper.application; includeInIndex = 0; path = CoreDataDemo.app; sourceTree = BUILT_PRODUCTS_DIR; };
		D9FF547A1C5823E500625A51 /* AppDelegate.swift */ = {isa = PBXFileReference; lastKnownFileType = sourcecode.swift; path = AppDelegate.swift; sourceTree = "<group>"; };
		D9FF547C1C5823E500625A51 /* ViewController.swift */ = {isa = PBXFileReference; lastKnownFileType = sourcecode.swift; path = ViewController.swift; sourceTree = "<group>"; };
		D9FF547F1C5823E500625A51 /* Base */ = {isa = PBXFileReference; lastKnownFileType = file.storyboard; name = Base; path = Base.lproj/Main.storyboard; sourceTree = "<group>"; };
		D9FF54821C5823E500625A51 /* CoreDataDemo.xcdatamodel */ = {isa = PBXFileReference; lastKnownFileType = wrapper.xcdatamodel; path = CoreDataDemo.xcdatamodel; sourceTree = "<group>"; };
		D9FF54841C5823E500625A51 /* Assets.xcassets */ = {isa = PBXFileReference; lastKnownFileType = folder.assetcatalog; path = Assets.xcassets; sourceTree = "<group>"; };
		D9FF54871C5823E500625A51 /* Base */ = {isa = PBXFileReference; lastKnownFileType = file.storyboard; name = Base; path = Base.lproj/LaunchScreen.storyboard; sourceTree = "<group>"; };
		D9FF54891C5823E500625A51 /* Info.plist */ = {isa = PBXFileReference; lastKnownFileType = text.plist.xml; path = Info.plist; sourceTree = "<group>"; };
/* End PBXFileReference section */

/* Begin PBXFrameworksBuildPhase section */
		D9FF54741C5823E500625A51 /* Frameworks */ = {
			isa = PBXFrameworksBuildPhase;
			buildActionMask = 2147483647;
			files = (
			);
			runOnlyForDeploymentPostprocessing = 0;
		};
/* End PBXFrameworksBuildPhase section */

/* Begin PBXGroup section */
		D9FF546E1C5823E500625A51 = {
			isa = PBXGroup;
			children = (
				D9FF54791C5823E500625A51 /* CoreDataDemo */,
				D9FF54781C5823E500625A51 /* Products */,
			);
			sourceTree = "<group>";
		};
		D9FF54781C5823E500625A51 /* Products */ = {
			isa = PBXGroup;
			children = (
				D9FF54771C5823E500625A51 /* CoreDataDemo.app */,
			);
			name = Products;
			sourceTree = "<group>";
		};
		D9FF54791C5823E500625A51 /* CoreDataDemo */ = {
			isa = PBXGroup;
			children = (
				D9FF547A1C5823E500625A51 /* AppDelegate.swift */,
				D9FF547C1C5823E500625A51 /* ViewController.swift */,
				D9FF547E1C5823E500625A51 /* Main.storyboard */,
				D9FF54841C5823E500625A51 /* Assets.xcassets */,
				D9FF54861C5823E500625A51 /* LaunchScreen.storyboard */,
				D9FF54891C5823E500625A51 /* Info.plist */,
				D9FF54811C5823E500625A51 /* CoreDataDemo.xcdatamodeld */,
			);
			path = CoreDataDemo;
			sourceTree = "<group>";
		};
/* End PBXGroup section */

/* Begin PBXNativeTarget section */
		D9FF54761C5823E500625A51 /* CoreDataDemo */ = {
			isa = PBXNativeTarget;
			buildConfigurationList = D9FF548C1C5823E500625A51 /* Build configuration list for PBXNativeTarget "CoreDataDemo" */;
			buildPhases = (
				D9FF54731C5823E500625A51 /* Sources */,
				D9FF54741C5823E500625A51 /* Frameworks */,
				D9FF54751C5823E500625A51 /* Resources */,
			);
			buildRules = (
			);
			dependencies = (
			);
			name = CoreDataDemo;
			productName = CoreDataDemo;
			productReference = D9FF54771C5823E500625A51 /* CoreDataDemo.app */;
			productType = "com.apple.product-type.application";
		};
/* End PBXNativeTarget section */

/* Begin PBXProject section */
		D9FF546F1C5823E500625A51 /* Project object */ = {
			isa = PBXProject;
			attributes = {
				LastSwiftUpdateCheck = 0720;
				LastUpgradeCheck = 0720;
				ORGANIZATIONNAME = "Xiulan Shi";
				TargetAttributes = {
					D9FF54761C5823E500625A51 = {
						CreatedOnToolsVersion = 7.2;
					};
				};
			};
			buildConfigurationList = D9FF54721C5823E500625A51 /* Build configuration list for PBXProject "CoreDataDemo" */;
			compatibilityVersion = "Xcode 3.2";
			developmentRegion = English;
			hasScannedForEncodings = 0;
			knownRegions = (
				en,
				Base,
			);
			mainGroup = D9FF546E1C5823E500625A51;
			productRefGroup = D9FF54781C5823E500625A51 /* Products */;
			projectDirPath = "";
			projectRoot = "";
			targets = (
				D9FF54761C5823E500625A51 /* CoreDataDemo */,
			);
		};
/* End PBXProject section */

/* Begin PBXResourcesBuildPhase section */
		D9FF54751C5823E500625A51 /* Resources */ = {
			isa = PBXResourcesBuildPhase;
			buildActionMask = 2147483647;
			files = (
				D9FF54881C5823E500625A51 /* LaunchScreen.storyboard in Resources */,
				D9FF54851C5823E500625A51 /* Assets.xcassets in Resources */,
				D9FF54801C5823E500625A51 /* Main.storyboard in Resources */,
			);
			runOnlyForDeploymentPostprocessing = 0;
		};
/* End PBXResourcesBuildPhase section */

/* Begin PBXSourcesBuildPhase section */
		D9FF54731C5823E500625A51 /* Sources */ = {
			isa = PBXSourcesBuildPhase;
			buildActionMask = 2147483647;
			files = (
				D9FF547D1C5823E500625A51 /* ViewController.swift in Sources */,
				D9FF54831C5823E500625A51 /* CoreDataDemo.xcdatamodeld in Sources */,
				D9FF547B1C5823E500625A51 /* AppDelegate.swift in Sources */,
			);
			runOnlyForDeploymentPostprocessing = 0;
		};
/* End PBXSourcesBuildPhase section */

/* Begin PBXVariantGroup section */
		D9FF547E1C5823E500625A51 /* Main.storyboard */ = {
			isa = PBXVariantGroup;
			children = (
				D9FF547F1C5823E500625A51 /* Base */,
			);
			name = Main.storyboard;
			sourceTree = "<group>";
		};
		D9FF54861C5823E500625A51 /* LaunchScreen.storyboard */ = {
			isa = PBXVariantGroup;
			children = (
				D9FF54871C5823E500625A51 /* Base */,
			);
			name = LaunchScreen.storyboard;
			sourceTree = "<group>";
		};
/* End PBXVariantGroup section */

/* Begin XCBuildConfiguration section */
		D9FF548A1C5823E500625A51 /* Debug */ = {
			isa = XCBuildConfiguration;
			buildSettings = {
				ALWAYS_SEARCH_USER_PATHS = NO;
				CLANG_CXX_LANGUAGE_STANDARD = "gnu++0x";
				CLANG_CXX_LIBRARY = "libc++";
				CLANG_ENABLE_MODULES = YES;
				CLANG_ENABLE_OBJC_ARC = YES;
				CLANG_WARN_BOOL_CONVERSION = YES;
				CLANG_WARN_CONSTANT_CONVERSION = YES;
				CLANG_WARN_DIRECT_OBJC_ISA_USAGE = YES_ERROR;
				CLANG_WARN_EMPTY_BODY = YES;
				CLANG_WARN_ENUM_CONVERSION = YES;
				CLANG_WARN_INT_CONVERSION = YES;
				CLANG_WARN_OBJC_ROOT_CLASS = YES_ERROR;
				CLANG_WARN_UNREACHABLE_CODE = YES;
				CLANG_WARN__DUPLICATE_METHOD_MATCH = YES;
				"CODE_SIGN_IDENTITY[sdk=iphoneos*]" = "iPhone Developer";
				COPY_PHASE_STRIP = NO;
				DEBUG_INFORMATION_FORMAT = dwarf;
				ENABLE_STRICT_OBJC_MSGSEND = YES;
				ENABLE_TESTABILITY = YES;
				GCC_C_LANGUAGE_STANDARD = gnu99;
				GCC_DYNAMIC_NO_PIC = NO;
				GCC_NO_COMMON_BLOCKS = YES;
				GCC_OPTIMIZATION_LEVEL = 0;
				GCC_PREPROCESSOR_DEFINITIONS = (
					"DEBUG=1",
					"$(inherited)",
				);
				GCC_WARN_64_TO_32_BIT_CONVERSION = YES;
				GCC_WARN_ABOUT_RETURN_TYPE = YES_ERROR;
				GCC_WARN_UNDECLARED_SELECTOR = YES;
				GCC_WARN_UNINITIALIZED_AUTOS = YES_AGGRESSIVE;
				GCC_WARN_UNUSED_FUNCTION = YES;
				GCC_WARN_UNUSED_VARIABLE = YES;
				IPHONEOS_DEPLOYMENT_TARGET = 9.2;
				MTL_ENABLE_DEBUG_INFO = YES;
				ONLY_ACTIVE_ARCH = YES;
				SDKROOT = iphoneos;
				SWIFT_OPTIMIZATION_LEVEL = "-Onone";
			};
			name = Debug;
		};
		D9FF548B1C5823E500625A51 /* Release */ = {
			isa = XCBuildConfiguration;
			buildSettings = {
				ALWAYS_SEARCH_USER_PATHS = NO;
				CLANG_CXX_LANGUAGE_STANDARD = "gnu++0x";
				CLANG_CXX_LIBRARY = "libc++";
				CLANG_ENABLE_MODULES = YES;
				CLANG_ENABLE_OBJC_ARC = YES;
				CLANG_WARN_BOOL_CONVERSION = YES;
				CLANG_WARN_CONSTANT_CONVERSION = YES;
				CLANG_WARN_DIRECT_OBJC_ISA_USAGE = YES_ERROR;
				CLANG_WARN_EMPTY_BODY = YES;
				CLANG_WARN_ENUM_CONVERSION = YES;
				CLANG_WARN_INT_CONVERSION = YES;
				CLANG_WARN_OBJC_ROOT_CLASS = YES_ERROR;
				CLANG_WARN_UNREACHABLE_CODE = YES;
				CLANG_WARN__DUPLICATE_METHOD_MATCH = YES;
				"CODE_SIGN_IDENTITY[sdk=iphoneos*]" = "iPhone Developer";
				COPY_PHASE_STRIP = NO;
				DEBUG_INFORMATION_FORMAT = "dwarf-with-dsym";
				ENABLE_NS_ASSERTIONS = NO;
				ENABLE_STRICT_OBJC_MSGSEND = YES;
				GCC_C_LANGUAGE_STANDARD = gnu99;
				GCC_NO_COMMON_BLOCKS = YES;
				GCC_WARN_64_TO_32_BIT_CONVERSION = YES;
				GCC_WARN_ABOUT_RETURN_TYPE = YES_ERROR;
				GCC_WARN_UNDECLARED_SELECTOR = YES;
				GCC_WARN_UNINITIALIZED_AUTOS = YES_AGGRESSIVE;
				GCC_WARN_UNUSED_FUNCTION = YES;
				GCC_WARN_UNUSED_VARIABLE = YES;
				IPHONEOS_DEPLOYMENT_TARGET = 9.2;
				MTL_ENABLE_DEBUG_INFO = NO;
				SDKROOT = iphoneos;
				VALIDATE_PRODUCT = YES;
			};
			name = Release;
		};
		D9FF548D1C5823E500625A51 /* Debug */ = {
			isa = XCBuildConfiguration;
			buildSettings = {
				ASSETCATALOG_COMPILER_APPICON_NAME = AppIcon;
				INFOPLIST_FILE = CoreDataDemo/Info.plist;
				LD_RUNPATH_SEARCH_PATHS = "$(inherited) @executable_path/Frameworks";
				PRODUCT_BUNDLE_IDENTIFIER = nyc.c4q.xiulanshi.CoreDataDemo;
				PRODUCT_NAME = "$(TARGET_NAME)";
			};
			name = Debug;
		};
		D9FF548E1C5823E500625A51 /* Release */ = {
			isa = XCBuildConfiguration;
			buildSettings = {
				ASSETCATALOG_COMPILER_APPICON_NAME = AppIcon;
				INFOPLIST_FILE = CoreDataDemo/Info.plist;
				LD_RUNPATH_SEARCH_PATHS = "$(inherited) @executable_path/Frameworks";
				PRODUCT_BUNDLE_IDENTIFIER = nyc.c4q.xiulanshi.CoreDataDemo;
				PRODUCT_NAME = "$(TARGET_NAME)";
			};
			name = Release;
		};
/* End XCBuildConfiguration section */

/* Begin XCConfigurationList section */
		D9FF54721C5823E500625A51 /* Build configuration list for PBXProject "CoreDataDemo" */ = {
			isa = XCConfigurationList;
			buildConfigurations = (
				D9FF548A1C5823E500625A51 /* Debug */,
				D9FF548B1C5823E500625A51 /* Release */,
			);
			defaultConfigurationIsVisible = 0;
			defaultConfigurationName = Release;
		};
		D9FF548C1C5823E500625A51 /* Build configuration list for PBXNativeTarget "CoreDataDemo" */ = {
			isa = XCConfigurationList;
			buildConfigurations = (
				D9FF548D1C5823E500625A51 /* Debug */,
				D9FF548E1C5823E500625A51 /* Release */,
			);
			defaultConfigurationIsVisible = 0;
		};
/* End XCConfigurationList section */

/* Begin XCVersionGroup section */
		D9FF54811C5823E500625A51 /* CoreDataDemo.xcdatamodeld */ = {
			isa = XCVersionGroup;
			children = (
				D9FF54821C5823E500625A51 /* CoreDataDemo.xcdatamodel */,
			);
			currentVersion = D9FF54821C5823E500625A51 /* CoreDataDemo.xcdatamodel */;
			path = CoreDataDemo.xcdatamodeld;
			sourceTree = "<group>";
			versionGroupType = wrapper.xcdatamodel;
		};
/* End XCVersionGroup section */
	};
	rootObject = D9FF546F1C5823E500625A51 /* Project object */;
}
